PODS:
  - Firebase/Analytics (10.6.0):
    - Firebase/Core
  - Firebase/Auth (10.6.0):
    - Firebase/CoreOnly
    - FirebaseAuth (~> 10.6.0)
  - Firebase/Core (10.6.0):
    - Firebase/CoreOnly
    - FirebaseAnalytics (~> 10.6.0)
  - Firebase/CoreOnly (10.6.0):
    - FirebaseCore (= 10.6.0)
  - Firebase/Database (10.6.0):
    - Firebase/CoreOnly
    - FirebaseDatabase (~> 10.6.0)
  - Firebase/RemoteConfig (10.6.0):
    - Firebase/CoreOnly
    - FirebaseRemoteConfig (~> 10.6.0)
  - Firebase/Storage (10.6.0):
    - Firebase/CoreOnly
    - FirebaseStorage (~> 10.6.0)
  - firebase_analytics (10.1.6):
    - Firebase/Analytics (= 10.6.0)
    - firebase_core
    - FlutterMacOS
  - firebase_auth (4.3.0):
    - Firebase/Auth (~> 10.6.0)
    - Firebase/CoreOnly (~> 10.6.0)
    - firebase_core
    - FlutterMacOS
  - firebase_core (2.8.0):
    - Firebase/CoreOnly (~> 10.6.0)
    - FlutterMacOS
  - firebase_database (10.0.16):
    - Firebase/CoreOnly (~> 10.6.0)
    - Firebase/Database (~> 10.6.0)
    - firebase_core
    - FlutterMacOS
  - firebase_remote_config (3.0.15):
    - Firebase/CoreOnly (~> 10.6.0)
    - Firebase/RemoteConfig (~> 10.6.0)
    - firebase_core
    - FlutterMacOS
  - firebase_storage (11.0.16):
    - Firebase/CoreOnly (~> 10.6.0)
    - Firebase/Storage (~> 10.6.0)
    - firebase_core
    - FlutterMacOS
  - FirebaseABTesting (10.7.0):
    - FirebaseCore (~> 10.0)
  - FirebaseAnalytics (10.6.0):
    - FirebaseAnalytics/AdIdSupport (= 10.6.0)
    - FirebaseCore (~> 10.0)
    - FirebaseInstallations (~> 10.0)
    - GoogleUtilities/AppDelegateSwizzler (~> 7.8)
    - GoogleUtilities/MethodSwizzler (~> 7.8)
    - GoogleUtilities/Network (~> 7.8)
    - "GoogleUtilities/NSData+zlib (~> 7.8)"
    - nanopb (< 2.30910.0, >= 2.30908.0)
  - FirebaseAnalytics/AdIdSupport (10.6.0):
    - FirebaseCore (~> 10.0)
    - FirebaseInstallations (~> 10.0)
    - GoogleAppMeasurement (= 10.6.0)
    - GoogleUtilities/AppDelegateSwizzler (~> 7.8)
    - GoogleUtilities/MethodSwizzler (~> 7.8)
    - GoogleUtilities/Network (~> 7.8)
    - "GoogleUtilities/NSData+zlib (~> 7.8)"
    - nanopb (< 2.30910.0, >= 2.30908.0)
  - FirebaseAppCheckInterop (10.7.0)
  - FirebaseAuth (10.6.0):
    - FirebaseCore (~> 10.0)
    - GoogleUtilities/AppDelegateSwizzler (~> 7.8)
    - GoogleUtilities/Environment (~> 7.8)
    - GTMSessionFetcher/Core (< 4.0, >= 2.1)
  - FirebaseAuthInterop (10.7.0)
  - FirebaseCore (10.6.0):
    - FirebaseCoreInternal (~> 10.0)
    - GoogleUtilities/Environment (~> 7.8)
    - GoogleUtilities/Logger (~> 7.8)
  - FirebaseCoreExtension (10.7.0):
    - FirebaseCore (~> 10.0)
  - FirebaseCoreInternal (10.7.0):
    - "GoogleUtilities/NSData+zlib (~> 7.8)"
  - FirebaseDatabase (10.6.0):
    - FirebaseCore (~> 10.0)
    - leveldb-library (~> 1.22)
  - FirebaseInstallations (10.7.0):
    - FirebaseCore (~> 10.0)
    - GoogleUtilities/Environment (~> 7.8)
    - GoogleUtilities/UserDefaults (~> 7.8)
    - PromisesObjC (~> 2.1)
  - FirebaseRemoteConfig (10.6.0):
    - FirebaseABTesting (~> 10.0)
    - FirebaseCore (~> 10.0)
    - FirebaseInstallations (~> 10.0)
    - GoogleUtilities/Environment (~> 7.8)
    - "GoogleUtilities/NSData+zlib (~> 7.8)"
  - FirebaseStorage (10.6.0):
    - FirebaseAppCheckInterop (~> 10.0)
    - FirebaseAuthInterop (~> 10.0)
    - FirebaseCore (~> 10.0)
    - FirebaseCoreExtension (~> 10.0)
    - GTMSessionFetcher/Core (< 4.0, >= 2.1)
  - FlutterMacOS (1.0.0)
  - GoogleAppMeasurement (10.6.0):
    - GoogleAppMeasurement/AdIdSupport (= 10.6.0)
    - GoogleUtilities/AppDelegateSwizzler (~> 7.8)
    - GoogleUtilities/MethodSwizzler (~> 7.8)
    - GoogleUtilities/Network (~> 7.8)
    - "GoogleUtilities/NSData+zlib (~> 7.8)"
    - nanopb (< 2.30910.0, >= 2.30908.0)
  - GoogleAppMeasurement/AdIdSupport (10.6.0):
    - GoogleAppMeasurement/WithoutAdIdSupport (= 10.6.0)
    - GoogleUtilities/AppDelegateSwizzler (~> 7.8)
    - GoogleUtilities/MethodSwizzler (~> 7.8)
    - GoogleUtilities/Network (~> 7.8)
    - "GoogleUtilities/NSData+zlib (~> 7.8)"
    - nanopb (< 2.30910.0, >= 2.30908.0)
  - GoogleAppMeasurement/WithoutAdIdSupport (10.6.0):
    - GoogleUtilities/AppDelegateSwizzler (~> 7.8)
    - GoogleUtilities/MethodSwizzler (~> 7.8)
    - GoogleUtilities/Network (~> 7.8)
    - "GoogleUtilities/NSData+zlib (~> 7.8)"
    - nanopb (< 2.30910.0, >= 2.30908.0)
  - GoogleUtilities/AppDelegateSwizzler (7.11.0):
    - GoogleUtilities/Environment
    - GoogleUtilities/Logger
    - GoogleUtilities/Network
  - GoogleUtilities/Environment (7.11.0):
    - PromisesObjC (< 3.0, >= 1.2)
  - GoogleUtilities/Logger (7.11.0):
    - GoogleUtilities/Environment
  - GoogleUtilities/MethodSwizzler (7.11.0):
    - GoogleUtilities/Logger
  - GoogleUtilities/Network (7.11.0):
    - GoogleUtilities/Logger
    - "GoogleUtilities/NSData+zlib"
    - GoogleUtilities/Reachability
  - "GoogleUtilities/NSData+zlib (7.11.0)"
  - GoogleUtilities/Reachability (7.11.0):
    - GoogleUtilities/Logger
  - GoogleUtilities/UserDefaults (7.11.0):
    - GoogleUtilities/Logger
  - GTMSessionFetcher/Core (3.1.0)
  - leveldb-library (1.22.1)
  - nanopb (2.30909.0):
    - nanopb/decode (= 2.30909.0)
    - nanopb/encode (= 2.30909.0)
  - nanopb/decode (2.30909.0)
  - nanopb/encode (2.30909.0)
  - path_provider_foundation (0.0.1):
    - Flutter
    - FlutterMacOS
  - PromisesObjC (2.2.0)
  - shared_preferences_foundation (0.0.1):
    - Flutter
    - FlutterMacOS
  - url_launcher_macos (0.0.1):
    - FlutterMacOS

DEPENDENCIES:
  - firebase_analytics (from `Flutter/ephemeral/.symlinks/plugins/firebase_analytics/macos`)
  - firebase_auth (from `Flutter/ephemeral/.symlinks/plugins/firebase_auth/macos`)
  - firebase_core (from `Flutter/ephemeral/.symlinks/plugins/firebase_core/macos`)
  - firebase_database (from `Flutter/ephemeral/.symlinks/plugins/firebase_database/macos`)
  - firebase_remote_config (from `Flutter/ephemeral/.symlinks/plugins/firebase_remote_config/macos`)
  - firebase_storage (from `Flutter/ephemeral/.symlinks/plugins/firebase_storage/macos`)
  - FlutterMacOS (from `Flutter/ephemeral`)
  - path_provider_foundation (from `Flutter/ephemeral/.symlinks/plugins/path_provider_foundation/macos`)
  - shared_preferences_foundation (from `Flutter/ephemeral/.symlinks/plugins/shared_preferences_foundation/macos`)
  - url_launcher_macos (from `Flutter/ephemeral/.symlinks/plugins/url_launcher_macos/macos`)

SPEC REPOS:
  trunk:
    - Firebase
    - FirebaseABTesting
    - FirebaseAnalytics
    - FirebaseAppCheckInterop
    - FirebaseAuth
    - FirebaseAuthInterop
    - FirebaseCore
    - FirebaseCoreExtension
    - FirebaseCoreInternal
    - FirebaseDatabase
    - FirebaseInstallations
    - FirebaseRemoteConfig
    - FirebaseStorage
    - GoogleAppMeasurement
    - GoogleUtilities
    - GTMSessionFetcher
    - leveldb-library
    - nanopb
    - PromisesObjC

EXTERNAL SOURCES:
  firebase_analytics:
    :path: Flutter/ephemeral/.symlinks/plugins/firebase_analytics/macos
  firebase_auth:
    :path: Flutter/ephemeral/.symlinks/plugins/firebase_auth/macos
  firebase_core:
    :path: Flutter/ephemeral/.symlinks/plugins/firebase_core/macos
  firebase_database:
    :path: Flutter/ephemeral/.symlinks/plugins/firebase_database/macos
  firebase_remote_config:
    :path: Flutter/ephemeral/.symlinks/plugins/firebase_remote_config/macos
  firebase_storage:
    :path: Flutter/ephemeral/.symlinks/plugins/firebase_storage/macos
  FlutterMacOS:
    :path: Flutter/ephemeral
  path_provider_foundation:
    :path: Flutter/ephemeral/.symlinks/plugins/path_provider_foundation/macos
  shared_preferences_foundation:
    :path: Flutter/ephemeral/.symlinks/plugins/shared_preferences_foundation/macos
  url_launcher_macos:
    :path: Flutter/ephemeral/.symlinks/plugins/url_launcher_macos/macos

SPEC CHECKSUMS:
  Firebase: f13680471b021937f2230ea8503c7809d8c29806
  firebase_analytics: d1aaf3b66b6e99d6fa1fb3f5e6e7a71268552ace
  firebase_auth: 9d146af17c628df131fb0c962abba4685a0afb78
  firebase_core: 7cad6afc6d420690c239021131b133b3920d092e
  firebase_database: 4c48bbe12a378bd83fff1ad96342e48c4f60a80b
  firebase_remote_config: 7a9085f70f9a7e670e1757a44485a9d8a681a368
  firebase_storage: 5a92eae1392b7641523434ef8c9863410f18b31b
  FirebaseABTesting: 76c8297fd026074e0366dc941d265d1be80a56d5
  FirebaseAnalytics: 9f382605c5ee412b039212f054bf7a403d9850c1
  FirebaseAppCheckInterop: 8e907eea79958960a8bd2058e067f31e03a7914b
  FirebaseAuth: 743e5cd568af59d6d99a91ea9300843672515cf7
  FirebaseAuthInterop: 46201190fe90ef1f581513eb0f9fa3d7820e7d6d
  FirebaseCore: fa80ad16a62d52f67274b5b88304c3a318bbf9a4
  FirebaseCoreExtension: f17247ba8c61e4d3c8d136b5e2de3cb4ac6a85b6
  FirebaseCoreInternal: 8845798510aae74703467480f71ac613788d0696
  FirebaseDatabase: c3ab8f695e48d4c4431f8406b58ebe543be185d9
  FirebaseInstallations: 59c0e4c7a816a0f76710d83f77e5369b3e45eb96
  FirebaseRemoteConfig: 7ef4dd164f3066c64ca1efab0f990152a6b94fc0
  FirebaseStorage: 10d4f43a4ef98e7554da72197ad52216686ea990
  FlutterMacOS: ae6af50a8ea7d6103d888583d46bd8328a7e9811
  GoogleAppMeasurement: 686b48c3c895f3c55c70719041913d5d150b74f6
  GoogleUtilities: c2bdc4cf2ce786c4d2e6b3bcfd599a25ca78f06f
  GTMSessionFetcher: c9e714f7eec91a55641e2bab9f45fd83a219b882
  leveldb-library: 50c7b45cbd7bf543c81a468fe557a16ae3db8729
  nanopb: b552cce312b6c8484180ef47159bc0f65a1f0431
  path_provider_foundation: c68054786f1b4f3343858c1e1d0caaded73f0be9
  PromisesObjC: 09985d6d70fbe7878040aa746d78236e6946d2ef
  shared_preferences_foundation: 986fc17f3d3251412d18b0265f9c64113a8c2472
  url_launcher_macos: 5335912b679c073563f29d89d33d10d459f95451

PODFILE CHECKSUM: a884f6dd3f7494f3892ee6c81feea3a3abbf9153

COCOAPODS: 1.12.0
